PODS:
  - SelfSizingCollectionViewController (0.1.0)

DEPENDENCIES:
  - SelfSizingCollectionViewController (from `../`)

EXTERNAL SOURCES:
  SelfSizingCollectionViewController:
    :path: "../"

SPEC CHECKSUMS:
  SelfSizingCollectionViewController: 0f3aab3750d8c02df0f1e7b0e971a03b7b706533

PODFILE CHECKSUM: ecff1d2c75800f32da3a25910c0ec8efb22a254c

COCOAPODS: 1.2.0
